
Microsoft Visual Studio Solution File, Format Version 12.00
# Visual Studio Version 16
VisualStudioVersion = 16.0.31410.357
MinimumVisualStudioVersion = 10.0.40219.1
Project("{FAE04EC0-301F-11D3-BF4B-00C04F79EFBC}") = "GemiTasimaciligi", "GemiTasimaciligi\GemiTasimaciligi.csproj", "{7C0D6758-0FE3-4F45-B9A1-A93BF2613BA6}"
EndProject
Global
	GlobalSection(SolutionConfigurationPlatforms) = preSolution
		Debug|Any CPU = Debug|Any CPU
		Release|Any CPU = Release|Any CPU
	EndGlobalSection
	GlobalSection(ProjectConfigurationPlatforms) = postSolution
		{7C0D6758-0FE3-4F45-B9A1-A93BF2613BA6}.Debug|Any CPU.ActiveCfg = Debug|Any CPU
		{7C0D6758-0FE3-4F45-B9A1-A93BF2613BA6}.Debug|Any CPU.Build.0 = Debug|Any CPU
		{7C0D6758-0FE3-4F45-B9A1-A93BF2613BA6}.Release|Any CPU.ActiveCfg = Release|Any CPU
		{7C0D6758-0FE3-4F45-B9A1-A93BF2613BA6}.Release|Any CPU.Build.0 = Release|Any CPU
	EndGlobalSection
	GlobalSection(SolutionProperties) = preSolution
		HideSolutionNode = FALSE
	EndGlobalSection
	GlobalSection(ExtensibilityGlobals) = postSolution
		SolutionGuid = {4A12986F-920B-48C0-B4E0-1355235113DD}
	EndGlobalSection
EndGlobal
